// !$*UTF8*$!
{
	archiveVersion = 1;
	classes = {
	};
	objectVersion = 48;
	objects = {

/* Begin PBXBuildFile section */
		757F86672005A5C000539FD6 /* AppDelegate.swift in Sources */ = {isa = PBXBuildFile; fileRef = 757F86662005A5C000539FD6 /* AppDelegate.swift */; };
		757F86692005A5C000539FD6 /* ViewController.swift in Sources */ = {isa = PBXBuildFile; fileRef = 757F86682005A5C000539FD6 /* ViewController.swift */; };
		757F866C2005A5C000539FD6 /* Main.storyboard in Resources */ = {isa = PBXBuildFile; fileRef = 757F866A2005A5C000539FD6 /* Main.storyboard */; };
		757F866E2005A5C000539FD6 /* Assets.xcassets in Resources */ = {isa = PBXBuildFile; fileRef = 757F866D2005A5C000539FD6 /* Assets.xcassets */; };
		757F86712005A5C000539FD6 /* LaunchScreen.storyboard in Resources */ = {isa = PBXBuildFile; fileRef = 757F866F2005A5C000539FD6 /* LaunchScreen.storyboard */; };
		757F86792005A5DF00539FD6 /* layout1 .storyboard in Resources */ = {isa = PBXBuildFile; fileRef = 757F86782005A5DF00539FD6 /* layout1 .storyboard */; };
		757F867B2005A5F000539FD6 /* layout2.storyboard in Resources */ = {isa = PBXBuildFile; fileRef = 757F867A2005A5F000539FD6 /* layout2.storyboard */; };
/* End PBXBuildFile section */

/* Begin PBXFileReference section */
		757F86632005A5C000539FD6 /* MccormickRob_CE3 part2.app */ = {isa = PBXFileReference; explicitFileType = wrapper.application; includeInIndex = 0; path = "MccormickRob_CE3 part2.app"; sourceTree = BUILT_PRODUCTS_DIR; };
		757F86662005A5C000539FD6 /* AppDelegate.swift */ = {isa = PBXFileReference; lastKnownFileType = sourcecode.swift; path = AppDelegate.swift; sourceTree = "<group>"; };
		757F86682005A5C000539FD6 /* ViewController.swift */ = {isa = PBXFileReference; lastKnownFileType = sourcecode.swift; path = ViewController.swift; sourceTree = "<group>"; };
		757F866B2005A5C000539FD6 /* Base */ = {isa = PBXFileReference; lastKnownFileType = file.storyboard; name = Base; path = Base.lproj/Main.storyboard; sourceTree = "<group>"; };
		757F866D2005A5C000539FD6 /* Assets.xcassets */ = {isa = PBXFileReference; lastKnownFileType = folder.assetcatalog; path = Assets.xcassets; sourceTree = "<group>"; };
		757F86702005A5C000539FD6 /* Base */ = {isa = PBXFileReference; lastKnownFileType = file.storyboard; name = Base; path = Base.lproj/LaunchScreen.storyboard; sourceTree = "<group>"; };
		757F86722005A5C000539FD6 /* Info.plist */ = {isa = PBXFileReference; lastKnownFileType = text.plist.xml; path = Info.plist; sourceTree = "<group>"; };
		757F86782005A5DF00539FD6 /* layout1 .storyboard */ = {isa = PBXFileReference; lastKnownFileType = file.storyboard; path = "layout1 .storyboard"; sourceTree = "<group>"; };
		757F867A2005A5F000539FD6 /* layout2.storyboard */ = {isa = PBXFileReference; lastKnownFileType = file.storyboard; path = layout2.storyboard; sourceTree = "<group>"; };
/* End PBXFileReference section */

/* Begin PBXFrameworksBuildPhase section */
		757F86602005A5C000539FD6 /* Frameworks */ = {
			isa = PBXFrameworksBuildPhase;
			buildActionMask = 2147483647;
			files = (
			);
			runOnlyForDeploymentPostprocessing = 0;
		};
/* End PBXFrameworksBuildPhase section */

/* Begin PBXGroup section */
		757F865A2005A5C000539FD6 = {
			isa = PBXGroup;
			children = (
				757F86652005A5C000539FD6 /* MccormickRob_CE3 part2 */,
				757F86642005A5C000539FD6 /* Products */,
			);
			sourceTree = "<group>";
		};
		757F86642005A5C000539FD6 /* Products */ = {
			isa = PBXGroup;
			children = (
				757F86632005A5C000539FD6 /* MccormickRob_CE3 part2.app */,
			);
			name = Products;
			sourceTree = "<group>";
		};
		757F86652005A5C000539FD6 /* MccormickRob_CE3 part2 */ = {
			isa = PBXGroup;
			children = (
				757F86662005A5C000539FD6 /* AppDelegate.swift */,
				757F86682005A5C000539FD6 /* ViewController.swift */,
				757F866A2005A5C000539FD6 /* Main.storyboard */,
				757F86782005A5DF00539FD6 /* layout1 .storyboard */,
				757F867A2005A5F000539FD6 /* layout2.storyboard */,
				757F866D2005A5C000539FD6 /* Assets.xcassets */,
				757F866F2005A5C000539FD6 /* LaunchScreen.storyboard */,
				757F86722005A5C000539FD6 /* Info.plist */,
			);
			path = "MccormickRob_CE3 part2";
			sourceTree = "<group>";
		};
/* End PBXGroup section */

/* Begin PBXNativeTarget section */
		757F86622005A5C000539FD6 /* MccormickRob_CE3 part2 */ = {
			isa = PBXNativeTarget;
			buildConfigurationList = 757F86752005A5C000539FD6 /* Build configuration list for PBXNativeTarget "MccormickRob_CE3 part2" */;
			buildPhases = (
				757F865F2005A5C000539FD6 /* Sources */,
				757F86602005A5C000539FD6 /* Frameworks */,
				757F86612005A5C000539FD6 /* Resources */,
			);
			buildRules = (
			);
			dependencies = (
			);
			name = "MccormickRob_CE3 part2";
			productName = "MccormickRob_CE3 part2";
			productReference = 757F86632005A5C000539FD6 /* MccormickRob_CE3 part2.app */;
			productType = "com.apple.product-type.application";
		};
/* End PBXNativeTarget section */

/* Begin PBXProject section */
		757F865B2005A5C000539FD6 /* Project object */ = {
			isa = PBXProject;
			attributes = {
				LastSwiftUpdateCheck = 0920;
				LastUpgradeCheck = 0920;
				ORGANIZATIONNAME = "Robert  McCormick";
				TargetAttributes = {
					757F86622005A5C000539FD6 = {
						CreatedOnToolsVersion = 9.2;
						ProvisioningStyle = Automatic;
					};
				};
			};
			buildConfigurationList = 757F865E2005A5C000539FD6 /* Build configuration list for PBXProject "MccormickRob_CE3 part2" */;
			compatibilityVersion = "Xcode 8.0";
			developmentRegion = en;
			hasScannedForEncodings = 0;
			knownRegions = (
				en,
				Base,
			);
			mainGroup = 757F865A2005A5C000539FD6;
			productRefGroup = 757F86642005A5C000539FD6 /* Products */;
			projectDirPath = "";
			projectRoot = "";
			targets = (
				757F86622005A5C000539FD6 /* MccormickRob_CE3 part2 */,
			);
		};
/* End PBXProject section */

/* Begin PBXResourcesBuildPhase section */
		757F86612005A5C000539FD6 /* Resources */ = {
			isa = PBXResourcesBuildPhase;
			buildActionMask = 2147483647;
			files = (
				757F867B2005A5F000539FD6 /* layout2.storyboard in Resources */,
				757F86712005A5C000539FD6 /* LaunchScreen.storyboard in Resources */,
				757F86792005A5DF00539FD6 /* layout1 .storyboard in Resources */,
				757F866E2005A5C000539FD6 /* Assets.xcassets in Resources */,
				757F866C2005A5C000539FD6 /* Main.storyboard in Resources */,
			);
			runOnlyForDeploymentPostprocessing = 0;
		};
/* End PBXResourcesBuildPhase section */

/* Begin PBXSourcesBuildPhase section */
		757F865F2005A5C000539FD6 /* Sources */ = {
			isa = PBXSourcesBuildPhase;
			buildActionMask = 2147483647;
			files = (
				757F86692005A5C000539FD6 /* ViewController.swift in Sources */,
				757F86672005A5C000539FD6 /* AppDelegate.swift in Sources */,
			);
			runOnlyForDeploymentPostprocessing = 0;
		};
/* End PBXSourcesBuildPhase section */

/* Begin PBXVariantGroup section */
		757F866A2005A5C000539FD6 /* Main.storyboard */ = {
			isa = PBXVariantGroup;
			children = (
				757F866B2005A5C000539FD6 /* Base */,
			);
			name = Main.storyboard;
			sourceTree = "<group>";
		};
		757F866F2005A5C000539FD6 /* LaunchScreen.storyboard */ = {
			isa = PBXVariantGroup;
			children = (
				757F86702005A5C000539FD6 /* Base */,
			);
			name = LaunchScreen.storyboard;
			sourceTree = "<group>";
		};
/* End PBXVariantGroup section */

/* Begin XCBuildConfiguration section */
		757F86732005A5C000539FD6 /* Debug */ = {
			isa = XCBuildConfiguration;
			buildSettings = {
				ALWAYS_SEARCH_USER_PATHS = NO;
				CLANG_ANALYZER_NONNULL = YES;
				CLANG_ANALYZER_NUMBER_OBJECT_CONVERSION = YES_AGGRESSIVE;
				CLANG_CXX_LANGUAGE_STANDARD = "gnu++14";
				CLANG_CXX_LIBRARY = "libc++";
				CLANG_ENABLE_MODULES = YES;
				CLANG_ENABLE_OBJC_ARC = YES;
				CLANG_WARN_BLOCK_CAPTURE_AUTORELEASING = YES;
				CLANG_WARN_BOOL_CONVERSION = YES;
				CLANG_WARN_COMMA = YES;
				CLANG_WARN_CONSTANT_CONVERSION = YES;
				CLANG_WARN_DIRECT_OBJC_ISA_USAGE = YES_ERROR;
				CLANG_WARN_DOCUMENTATION_COMMENTS = YES;
				CLANG_WARN_EMPTY_BODY = YES;
				CLANG_WARN_ENUM_CONVERSION = YES;
				CLANG_WARN_INFINITE_RECURSION = YES;
				CLANG_WARN_INT_CONVERSION = YES;
				CLANG_WARN_NON_LITERAL_NULL_CONVERSION = YES;
				CLANG_WARN_OBJC_LITERAL_CONVERSION = YES;
				CLANG_WARN_OBJC_ROOT_CLASS = YES_ERROR;
				CLANG_WARN_RANGE_LOOP_ANALYSIS = YES;
				CLANG_WARN_STRICT_PROTOTYPES = YES;
				CLANG_WARN_SUSPICIOUS_MOVE = YES;
				CLANG_WARN_UNGUARDED_AVAILABILITY = YES_AGGRESSIVE;
				CLANG_WARN_UNREACHABLE_CODE = YES;
				CLANG_WARN__DUPLICATE_METHOD_MATCH = YES;
				CODE_SIGN_IDENTITY = "iPhone Developer";
				COPY_PHASE_STRIP = NO;
				DEBUG_INFORMATION_FORMAT = dwarf;
				ENABLE_STRICT_OBJC_MSGSEND = YES;
				ENABLE_TESTABILITY = YES;
				GCC_C_LANGUAGE_STANDARD = gnu11;
				GCC_DYNAMIC_NO_PIC = NO;
				GCC_NO_COMMON_BLOCKS = YES;
				GCC_OPTIMIZATION_LEVEL = 0;
				GCC_PREPROCESSOR_DEFINITIONS = (
					"DEBUG=1",
					"$(inherited)",
				);
				GCC_WARN_64_TO_32_BIT_CONVERSION = YES;
				GCC_WARN_ABOUT_RETURN_TYPE = YES_ERROR;
				GCC_WARN_UNDECLARED_SELECTOR = YES;
				GCC_WARN_UNINITIALIZED_AUTOS = YES_AGGRESSIVE;
				GCC_WARN_UNUSED_FUNCTION = YES;
				GCC_WARN_UNUSED_VARIABLE = YES;
				IPHONEOS_DEPLOYMENT_TARGET = 11.2;
				MTL_ENABLE_DEBUG_INFO = YES;
				ONLY_ACTIVE_ARCH = YES;
				SDKROOT = iphoneos;
				SWIFT_ACTIVE_COMPILATION_CONDITIONS = DEBUG;
				SWIFT_OPTIMIZATION_LEVEL = "-Onone";
			};
			name = Debug;
		};
		757F86742005A5C000539FD6 /* Release */ = {
			isa = XCBuildConfiguration;
			buildSettings = {
				ALWAYS_SEARCH_USER_PATHS = NO;
				CLANG_ANALYZER_NONNULL = YES;
				CLANG_ANALYZER_NUMBER_OBJECT_CONVERSION = YES_AGGRESSIVE;
				CLANG_CXX_LANGUAGE_STANDARD = "gnu++14";
				CLANG_CXX_LIBRARY = "libc++";
				CLANG_ENABLE_MODULES = YES;
				CLANG_ENABLE_OBJC_ARC = YES;
				CLANG_WARN_BLOCK_CAPTURE_AUTORELEASING = YES;
				CLANG_WARN_BOOL_CONVERSION = YES;
				CLANG_WARN_COMMA = YES;
				CLANG_WARN_CONSTANT_CONVERSION = YES;
				CLANG_WARN_DIRECT_OBJC_ISA_USAGE = YES_ERROR;
				CLANG_WARN_DOCUMENTATION_COMMENTS = YES;
				CLANG_WARN_EMPTY_BODY = YES;
				CLANG_WARN_ENUM_CONVERSION = YES;
				CLANG_WARN_INFINITE_RECURSION = YES;
				CLANG_WARN_INT_CONVERSION = YES;
				CLANG_WARN_NON_LITERAL_NULL_CONVERSION = YES;
				CLANG_WARN_OBJC_LITERAL_CONVERSION = YES;
				CLANG_WARN_OBJC_ROOT_CLASS = YES_ERROR;
				CLANG_WARN_RANGE_LOOP_ANALYSIS = YES;
				CLANG_WARN_STRICT_PROTOTYPES = YES;
				CLANG_WARN_SUSPICIOUS_MOVE = YES;
				CLANG_WARN_UNGUARDED_AVAILABILITY = YES_AGGRESSIVE;
				CLANG_WARN_UNREACHABLE_CODE = YES;
				CLANG_WARN__DUPLICATE_METHOD_MATCH = YES;
				CODE_SIGN_IDENTITY = "iPhone Developer";
				COPY_PHASE_STRIP = NO;
				DEBUG_INFORMATION_FORMAT = "dwarf-with-dsym";
				ENABLE_NS_ASSERTIONS = NO;
				ENABLE_STRICT_OBJC_MSGSEND = YES;
				GCC_C_LANGUAGE_STANDARD = gnu11;
				GCC_NO_COMMON_BLOCKS = YES;
				GCC_WARN_64_TO_32_BIT_CONVERSION = YES;
				GCC_WARN_ABOUT_RETURN_TYPE = YES_ERROR;
				GCC_WARN_UNDECLARED_SELECTOR = YES;
				GCC_WARN_UNINITIALIZED_AUTOS = YES_AGGRESSIVE;
				GCC_WARN_UNUSED_FUNCTION = YES;
				GCC_WARN_UNUSED_VARIABLE = YES;
				IPHONEOS_DEPLOYMENT_TARGET = 11.2;
				MTL_ENABLE_DEBUG_INFO = NO;
				SDKROOT = iphoneos;
				SWIFT_OPTIMIZATION_LEVEL = "-Owholemodule";
				VALIDATE_PRODUCT = YES;
			};
			name = Release;
		};
		757F86762005A5C000539FD6 /* Debug */ = {
			isa = XCBuildConfiguration;
			buildSettings = {
				ASSETCATALOG_COMPILER_APPICON_NAME = AppIcon;
				CODE_SIGN_STYLE = Automatic;
				INFOPLIST_FILE = "MccormickRob_CE3 part2/Info.plist";
				LD_RUNPATH_SEARCH_PATHS = "$(inherited) @executable_path/Frameworks";
				PRODUCT_BUNDLE_IDENTIFIER = "com.assignment.MccormickRob-CE3-part2";
				PRODUCT_NAME = "$(TARGET_NAME)";
				SWIFT_VERSION = 4.0;
				TARGETED_DEVICE_FAMILY = "1,2";
			};
			name = Debug;
		};
		757F86772005A5C000539FD6 /* Release */ = {
			isa = XCBuildConfiguration;
			buildSettings = {
				ASSETCATALOG_COMPILER_APPICON_NAME = AppIcon;
				CODE_SIGN_STYLE = Automatic;
				INFOPLIST_FILE = "MccormickRob_CE3 part2/Info.plist";
				LD_RUNPATH_SEARCH_PATHS = "$(inherited) @executable_path/Frameworks";
				PRODUCT_BUNDLE_IDENTIFIER = "com.assignment.MccormickRob-CE3-part2";
				PRODUCT_NAME = "$(TARGET_NAME)";
				SWIFT_VERSION = 4.0;
				TARGETED_DEVICE_FAMILY = "1,2";
			};
			name = Release;
		};
/* End XCBuildConfiguration section */

/* Begin XCConfigurationList section */
		757F865E2005A5C000539FD6 /* Build configuration list for PBXProject "MccormickRob_CE3 part2" */ = {
			isa = XCConfigurationList;
			buildConfigurations = (
				757F86732005A5C000539FD6 /* Debug */,
				757F86742005A5C000539FD6 /* Release */,
			);
			defaultConfigurationIsVisible = 0;
			defaultConfigurationName = Release;
		};
		757F86752005A5C000539FD6 /* Build configuration list for PBXNativeTarget "MccormickRob_CE3 part2" */ = {
			isa = XCConfigurationList;
			buildConfigurations = (
				757F86762005A5C000539FD6 /* Debug */,
				757F86772005A5C000539FD6 /* Release */,
			);
			defaultConfigurationIsVisible = 0;
			defaultConfigurationName = Release;
		};
/* End XCConfigurationList section */
	};
	rootObject = 757F865B2005A5C000539FD6 /* Project object */;
}
